# This file is autogenerated, do not edit; changes may be undone by the next 'dep ensure'.


[[projects]]
  branch = "master"
  digest = "1:63987b971c0f3240a0f1eed70b80b360e6a57d7a8c85ed7daa8bf770319ab308"
  name = "github.com/pquerna/ffjson"
  packages = [
    "ffjson",
    "fflib/v1",
    "fflib/v1/internal",
  ]
  pruneopts = "UT"
  revision = "e517b90714f7c0eabe6d2e570a5886ae077d6db6"

[solve-meta]
  analyzer-name = "dep"
  analyzer-version = 1
  input-imports = ["github.com/pquerna/ffjson/ffjson"]
  solver-name = "gps-cdcl"
  solver-version = 1
